// !$*UTF8*$!
{
	archiveVersion = 1;
	classes = {
	};
	objectVersion = 50;
	objects = {

/* Begin PBXBuildFile section */
		52F9B7D923F310480025DA4B /* AppDelegate.swift in Sources */ = {isa = PBXBuildFile; fileRef = 52F9B7D823F310480025DA4B /* AppDelegate.swift */; };
		52F9B7DB23F310480025DA4B /* SceneDelegate.swift in Sources */ = {isa = PBXBuildFile; fileRef = 52F9B7DA23F310480025DA4B /* SceneDelegate.swift */; };
		52F9B7DD23F310480025DA4B /* ViewController.swift in Sources */ = {isa = PBXBuildFile; fileRef = 52F9B7DC23F310480025DA4B /* ViewController.swift */; };
		52F9B7E023F310480025DA4B /* Main.storyboard in Resources */ = {isa = PBXBuildFile; fileRef = 52F9B7DE23F310480025DA4B /* Main.storyboard */; };
		52F9B7E223F3104A0025DA4B /* Assets.xcassets in Resources */ = {isa = PBXBuildFile; fileRef = 52F9B7E123F3104A0025DA4B /* Assets.xcassets */; };
		52F9B7E523F3104A0025DA4B /* LaunchScreen.storyboard in Resources */ = {isa = PBXBuildFile; fileRef = 52F9B7E323F3104A0025DA4B /* LaunchScreen.storyboard */; };
		52F9B7F023F3104A0025DA4B /* FIZZLETests.swift in Sources */ = {isa = PBXBuildFile; fileRef = 52F9B7EF23F3104A0025DA4B /* FIZZLETests.swift */; };
		52F9B7FB23F315150025DA4B /* Bitmap.swift in Sources */ = {isa = PBXBuildFile; fileRef = 52F9B7FA23F315150025DA4B /* Bitmap.swift */; };
		52F9B7FD23F3151F0025DA4B /* Color.swift in Sources */ = {isa = PBXBuildFile; fileRef = 52F9B7FC23F3151F0025DA4B /* Color.swift */; };
		52F9B7FF23F315750025DA4B /* UIImage+Bitmap.swift in Sources */ = {isa = PBXBuildFile; fileRef = 52F9B7FE23F315750025DA4B /* UIImage+Bitmap.swift */; };
/* End PBXBuildFile section */

/* Begin PBXContainerItemProxy section */
		52F9B7EC23F3104A0025DA4B /* PBXContainerItemProxy */ = {
			isa = PBXContainerItemProxy;
			containerPortal = 52F9B7CD23F310480025DA4B /* Project object */;
			proxyType = 1;
			remoteGlobalIDString = 52F9B7D423F310480025DA4B;
			remoteInfo = FIZZLE;
		};
/* End PBXContainerItemProxy section */

/* Begin PBXFileReference section */
		52F9B7D523F310480025DA4B /* FizzleFade.app */ = {isa = PBXFileReference; explicitFileType = wrapper.application; includeInIndex = 0; path = FizzleFade.app; sourceTree = BUILT_PRODUCTS_DIR; };
		52F9B7D823F310480025DA4B /* AppDelegate.swift */ = {isa = PBXFileReference; lastKnownFileType = sourcecode.swift; path = AppDelegate.swift; sourceTree = "<group>"; };
		52F9B7DA23F310480025DA4B /* SceneDelegate.swift */ = {isa = PBXFileReference; lastKnownFileType = sourcecode.swift; path = SceneDelegate.swift; sourceTree = "<group>"; };
		52F9B7DC23F310480025DA4B /* ViewController.swift */ = {isa = PBXFileReference; lastKnownFileType = sourcecode.swift; path = ViewController.swift; sourceTree = "<group>"; };
		52F9B7DF23F310480025DA4B /* Base */ = {isa = PBXFileReference; lastKnownFileType = file.storyboard; name = Base; path = Base.lproj/Main.storyboard; sourceTree = "<group>"; };
		52F9B7E123F3104A0025DA4B /* Assets.xcassets */ = {isa = PBXFileReference; lastKnownFileType = folder.assetcatalog; path = Assets.xcassets; sourceTree = "<group>"; };
		52F9B7E423F3104A0025DA4B /* Base */ = {isa = PBXFileReference; lastKnownFileType = file.storyboard; name = Base; path = Base.lproj/LaunchScreen.storyboard; sourceTree = "<group>"; };
		52F9B7E623F3104A0025DA4B /* Info.plist */ = {isa = PBXFileReference; lastKnownFileType = text.plist.xml; path = Info.plist; sourceTree = "<group>"; };
		52F9B7EB23F3104A0025DA4B /* FIZZLETests.xctest */ = {isa = PBXFileReference; explicitFileType = wrapper.cfbundle; includeInIndex = 0; path = FIZZLETests.xctest; sourceTree = BUILT_PRODUCTS_DIR; };
		52F9B7EF23F3104A0025DA4B /* FIZZLETests.swift */ = {isa = PBXFileReference; lastKnownFileType = sourcecode.swift; path = FIZZLETests.swift; sourceTree = "<group>"; };
		52F9B7F123F3104A0025DA4B /* Info.plist */ = {isa = PBXFileReference; lastKnownFileType = text.plist.xml; path = Info.plist; sourceTree = "<group>"; };
		52F9B7FA23F315150025DA4B /* Bitmap.swift */ = {isa = PBXFileReference; lastKnownFileType = sourcecode.swift; path = Bitmap.swift; sourceTree = "<group>"; };
		52F9B7FC23F3151F0025DA4B /* Color.swift */ = {isa = PBXFileReference; lastKnownFileType = sourcecode.swift; path = Color.swift; sourceTree = "<group>"; };
		52F9B7FE23F315750025DA4B /* UIImage+Bitmap.swift */ = {isa = PBXFileReference; lastKnownFileType = sourcecode.swift; path = "UIImage+Bitmap.swift"; sourceTree = "<group>"; };
/* End PBXFileReference section */

/* Begin PBXFrameworksBuildPhase section */
		52F9B7D223F310480025DA4B /* Frameworks */ = {
			isa = PBXFrameworksBuildPhase;
			buildActionMask = 2147483647;
			files = (
			);
			runOnlyForDeploymentPostprocessing = 0;
		};
		52F9B7E823F3104A0025DA4B /* Frameworks */ = {
			isa = PBXFrameworksBuildPhase;
			buildActionMask = 2147483647;
			files = (
			);
			runOnlyForDeploymentPostprocessing = 0;
		};
/* End PBXFrameworksBuildPhase section */

/* Begin PBXGroup section */
		52F9B7CC23F310480025DA4B = {
			isa = PBXGroup;
			children = (
				52F9B7D723F310480025DA4B /* FIZZLE */,
				52F9B7EE23F3104A0025DA4B /* FIZZLETests */,
				52F9B7D623F310480025DA4B /* Products */,
			);
			sourceTree = "<group>";
		};
		52F9B7D623F310480025DA4B /* Products */ = {
			isa = PBXGroup;
			children = (
				52F9B7D523F310480025DA4B /* FizzleFade.app */,
				52F9B7EB23F3104A0025DA4B /* FIZZLETests.xctest */,
			);
			name = Products;
			sourceTree = "<group>";
		};
		52F9B7D723F310480025DA4B /* FIZZLE */ = {
			isa = PBXGroup;
			children = (
				52F9B7D823F310480025DA4B /* AppDelegate.swift */,
				52F9B7E123F3104A0025DA4B /* Assets.xcassets */,
				52F9B7FA23F315150025DA4B /* Bitmap.swift */,
				52F9B7FC23F3151F0025DA4B /* Color.swift */,
				52F9B7E623F3104A0025DA4B /* Info.plist */,
				52F9B7E323F3104A0025DA4B /* LaunchScreen.storyboard */,
				52F9B7DE23F310480025DA4B /* Main.storyboard */,
				52F9B7DA23F310480025DA4B /* SceneDelegate.swift */,
				52F9B7FE23F315750025DA4B /* UIImage+Bitmap.swift */,
				52F9B7DC23F310480025DA4B /* ViewController.swift */,
			);
			path = FIZZLE;
			sourceTree = "<group>";
		};
		52F9B7EE23F3104A0025DA4B /* FIZZLETests */ = {
			isa = PBXGroup;
			children = (
				52F9B7EF23F3104A0025DA4B /* FIZZLETests.swift */,
				52F9B7F123F3104A0025DA4B /* Info.plist */,
			);
			path = FIZZLETests;
			sourceTree = "<group>";
		};
/* End PBXGroup section */

/* Begin PBXNativeTarget section */
		52F9B7D423F310480025DA4B /* FIZZLE */ = {
			isa = PBXNativeTarget;
			buildConfigurationList = 52F9B7F423F3104A0025DA4B /* Build configuration list for PBXNativeTarget "FIZZLE" */;
			buildPhases = (
				52F9B7D123F310480025DA4B /* Sources */,
				52F9B7D223F310480025DA4B /* Frameworks */,
				52F9B7D323F310480025DA4B /* Resources */,
			);
			buildRules = (
			);
			dependencies = (
			);
			name = FIZZLE;
			productName = FIZZLE;
			productReference = 52F9B7D523F310480025DA4B /* FizzleFade.app */;
			productType = "com.apple.product-type.application";
		};
		52F9B7EA23F3104A0025DA4B /* FIZZLETests */ = {
			isa = PBXNativeTarget;
			buildConfigurationList = 52F9B7F723F3104A0025DA4B /* Build configuration list for PBXNativeTarget "FIZZLETests" */;
			buildPhases = (
				52F9B7E723F3104A0025DA4B /* Sources */,
				52F9B7E823F3104A0025DA4B /* Frameworks */,
				52F9B7E923F3104A0025DA4B /* Resources */,
			);
			buildRules = (
			);
			dependencies = (
				52F9B7ED23F3104A0025DA4B /* PBXTargetDependency */,
			);
			name = FIZZLETests;
			productName = FIZZLETests;
			productReference = 52F9B7EB23F3104A0025DA4B /* FIZZLETests.xctest */;
			productType = "com.apple.product-type.bundle.unit-test";
		};
/* End PBXNativeTarget section */

/* Begin PBXProject section */
		52F9B7CD23F310480025DA4B /* Project object */ = {
			isa = PBXProject;
			attributes = {
				LastSwiftUpdateCheck = 1130;
				LastUpgradeCheck = 1130;
				ORGANIZATIONNAME = "Kevin Johnson";
				TargetAttributes = {
					52F9B7D423F310480025DA4B = {
						CreatedOnToolsVersion = 11.3.1;
					};
					52F9B7EA23F3104A0025DA4B = {
						CreatedOnToolsVersion = 11.3.1;
						TestTargetID = 52F9B7D423F310480025DA4B;
					};
				};
			};
			buildConfigurationList = 52F9B7D023F310480025DA4B /* Build configuration list for PBXProject "FIZZLE" */;
			compatibilityVersion = "Xcode 9.3";
			developmentRegion = en;
			hasScannedForEncodings = 0;
			knownRegions = (
				en,
				Base,
			);
			mainGroup = 52F9B7CC23F310480025DA4B;
			productRefGroup = 52F9B7D623F310480025DA4B /* Products */;
			projectDirPath = "";
			projectRoot = "";
			targets = (
				52F9B7D423F310480025DA4B /* FIZZLE */,
				52F9B7EA23F3104A0025DA4B /* FIZZLETests */,
			);
		};
/* End PBXProject section */

/* Begin PBXResourcesBuildPhase section */
		52F9B7D323F310480025DA4B /* Resources */ = {
			isa = PBXResourcesBuildPhase;
			buildActionMask = 2147483647;
			files = (
				52F9B7E523F3104A0025DA4B /* LaunchScreen.storyboard in Resources */,
				52F9B7E223F3104A0025DA4B /* Assets.xcassets in Resources */,
				52F9B7E023F310480025DA4B /* Main.storyboard in Resources */,
			);
			runOnlyForDeploymentPostprocessing = 0;
		};
		52F9B7E923F3104A0025DA4B /* Resources */ = {
			isa = PBXResourcesBuildPhase;
			buildActionMask = 2147483647;
			files = (
			);
			runOnlyForDeploymentPostprocessing = 0;
		};
/* End PBXResourcesBuildPhase section */

/* Begin PBXSourcesBuildPhase section */
		52F9B7D123F310480025DA4B /* Sources */ = {
			isa = PBXSourcesBuildPhase;
			buildActionMask = 2147483647;
			files = (
				52F9B7FB23F315150025DA4B /* Bitmap.swift in Sources */,
				52F9B7DD23F310480025DA4B /* ViewController.swift in Sources */,
				52F9B7FF23F315750025DA4B /* UIImage+Bitmap.swift in Sources */,
				52F9B7D923F310480025DA4B /* AppDelegate.swift in Sources */,
				52F9B7FD23F3151F0025DA4B /* Color.swift in Sources */,
				52F9B7DB23F310480025DA4B /* SceneDelegate.swift in Sources */,
			);
			runOnlyForDeploymentPostprocessing = 0;
		};
		52F9B7E723F3104A0025DA4B /* Sources */ = {
			isa = PBXSourcesBuildPhase;
			buildActionMask = 2147483647;
			files = (
				52F9B7F023F3104A0025DA4B /* FIZZLETests.swift in Sources */,
			);
			runOnlyForDeploymentPostprocessing = 0;
		};
/* End PBXSourcesBuildPhase section */

/* Begin PBXTargetDependency section */
		52F9B7ED23F3104A0025DA4B /* PBXTargetDependency */ = {
			isa = PBXTargetDependency;
			target = 52F9B7D423F310480025DA4B /* FIZZLE */;
			targetProxy = 52F9B7EC23F3104A0025DA4B /* PBXContainerItemProxy */;
		};
/* End PBXTargetDependency section */

/* Begin PBXVariantGroup section */
		52F9B7DE23F310480025DA4B /* Main.storyboard */ = {
			isa = PBXVariantGroup;
			children = (
				52F9B7DF23F310480025DA4B /* Base */,
			);
			name = Main.storyboard;
			sourceTree = "<group>";
		};
		52F9B7E323F3104A0025DA4B /* LaunchScreen.storyboard */ = {
			isa = PBXVariantGroup;
			children = (
				52F9B7E423F3104A0025DA4B /* Base */,
			);
			name = LaunchScreen.storyboard;
			sourceTree = "<group>";
		};
/* End PBXVariantGroup section */

/* Begin XCBuildConfiguration section */
		52F9B7F223F3104A0025DA4B /* Debug */ = {
			isa = XCBuildConfiguration;
			buildSettings = {
				ALWAYS_SEARCH_USER_PATHS = NO;
				CLANG_ANALYZER_NONNULL = YES;
				CLANG_ANALYZER_NUMBER_OBJECT_CONVERSION = YES_AGGRESSIVE;
				CLANG_CXX_LANGUAGE_STANDARD = "gnu++14";
				CLANG_CXX_LIBRARY = "libc++";
				CLANG_ENABLE_MODULES = YES;
				CLANG_ENABLE_OBJC_ARC = YES;
				CLANG_ENABLE_OBJC_WEAK = YES;
				CLANG_WARN_BLOCK_CAPTURE_AUTORELEASING = YES;
				CLANG_WARN_BOOL_CONVERSION = YES;
				CLANG_WARN_COMMA = YES;
				CLANG_WARN_CONSTANT_CONVERSION = YES;
				CLANG_WARN_DEPRECATED_OBJC_IMPLEMENTATIONS = YES;
				CLANG_WARN_DIRECT_OBJC_ISA_USAGE = YES_ERROR;
				CLANG_WARN_DOCUMENTATION_COMMENTS = YES;
				CLANG_WARN_EMPTY_BODY = YES;
				CLANG_WARN_ENUM_CONVERSION = YES;
				CLANG_WARN_INFINITE_RECURSION = YES;
				CLANG_WARN_INT_CONVERSION = YES;
				CLANG_WARN_NON_LITERAL_NULL_CONVERSION = YES;
				CLANG_WARN_OBJC_IMPLICIT_RETAIN_SELF = YES;
				CLANG_WARN_OBJC_LITERAL_CONVERSION = YES;
				CLANG_WARN_OBJC_ROOT_CLASS = YES_ERROR;
				CLANG_WARN_RANGE_LOOP_ANALYSIS = YES;
				CLANG_WARN_STRICT_PROTOTYPES = YES;
				CLANG_WARN_SUSPICIOUS_MOVE = YES;
				CLANG_WARN_UNGUARDED_AVAILABILITY = YES_AGGRESSIVE;
				CLANG_WARN_UNREACHABLE_CODE = YES;
				CLANG_WARN__DUPLICATE_METHOD_MATCH = YES;
				COPY_PHASE_STRIP = NO;
				DEBUG_INFORMATION_FORMAT = dwarf;
				ENABLE_STRICT_OBJC_MSGSEND = YES;
				ENABLE_TESTABILITY = YES;
				GCC_C_LANGUAGE_STANDARD = gnu11;
				GCC_DYNAMIC_NO_PIC = NO;
				GCC_NO_COMMON_BLOCKS = YES;
				GCC_OPTIMIZATION_LEVEL = 0;
				GCC_PREPROCESSOR_DEFINITIONS = (
					"DEBUG=1",
					"$(inherited)",
				);
				GCC_WARN_64_TO_32_BIT_CONVERSION = YES;
				GCC_WARN_ABOUT_RETURN_TYPE = YES_ERROR;
				GCC_WARN_UNDECLARED_SELECTOR = YES;
				GCC_WARN_UNINITIALIZED_AUTOS = YES_AGGRESSIVE;
				GCC_WARN_UNUSED_FUNCTION = YES;
				GCC_WARN_UNUSED_VARIABLE = YES;
				IPHONEOS_DEPLOYMENT_TARGET = 13.2;
				MTL_ENABLE_DEBUG_INFO = INCLUDE_SOURCE;
				MTL_FAST_MATH = YES;
				ONLY_ACTIVE_ARCH = YES;
				SDKROOT = iphoneos;
				SWIFT_ACTIVE_COMPILATION_CONDITIONS = DEBUG;
				SWIFT_OPTIMIZATION_LEVEL = "-Onone";
			};
			name = Debug;
		};
		52F9B7F323F3104A0025DA4B /* Release */ = {
			isa = XCBuildConfiguration;
			buildSettings = {
				ALWAYS_SEARCH_USER_PATHS = NO;
				CLANG_ANALYZER_NONNULL = YES;
				CLANG_ANALYZER_NUMBER_OBJECT_CONVERSION = YES_AGGRESSIVE;
				CLANG_CXX_LANGUAGE_STANDARD = "gnu++14";
				CLANG_CXX_LIBRARY = "libc++";
				CLANG_ENABLE_MODULES = YES;
				CLANG_ENABLE_OBJC_ARC = YES;
				CLANG_ENABLE_OBJC_WEAK = YES;
				CLANG_WARN_BLOCK_CAPTURE_AUTORELEASING = YES;
				CLANG_WARN_BOOL_CONVERSION = YES;
				CLANG_WARN_COMMA = YES;
				CLANG_WARN_CONSTANT_CONVERSION = YES;
				CLANG_WARN_DEPRECATED_OBJC_IMPLEMENTATIONS = YES;
				CLANG_WARN_DIRECT_OBJC_ISA_USAGE = YES_ERROR;
				CLANG_WARN_DOCUMENTATION_COMMENTS = YES;
				CLANG_WARN_EMPTY_BODY = YES;
				CLANG_WARN_ENUM_CONVERSION = YES;
				CLANG_WARN_INFINITE_RECURSION = YES;
				CLANG_WARN_INT_CONVERSION = YES;
				CLANG_WARN_NON_LITERAL_NULL_CONVERSION = YES;
				CLANG_WARN_OBJC_IMPLICIT_RETAIN_SELF = YES;
				CLANG_WARN_OBJC_LITERAL_CONVERSION = YES;
				CLANG_WARN_OBJC_ROOT_CLASS = YES_ERROR;
				CLANG_WARN_RANGE_LOOP_ANALYSIS = YES;
				CLANG_WARN_STRICT_PROTOTYPES = YES;
				CLANG_WARN_SUSPICIOUS_MOVE = YES;
				CLANG_WARN_UNGUARDED_AVAILABILITY = YES_AGGRESSIVE;
				CLANG_WARN_UNREACHABLE_CODE = YES;
				CLANG_WARN__DUPLICATE_METHOD_MATCH = YES;
				COPY_PHASE_STRIP = NO;
				DEBUG_INFORMATION_FORMAT = "dwarf-with-dsym";
				ENABLE_NS_ASSERTIONS = NO;
				ENABLE_STRICT_OBJC_MSGSEND = YES;
				GCC_C_LANGUAGE_STANDARD = gnu11;
				GCC_NO_COMMON_BLOCKS = YES;
				GCC_WARN_64_TO_32_BIT_CONVERSION = YES;
				GCC_WARN_ABOUT_RETURN_TYPE = YES_ERROR;
				GCC_WARN_UNDECLARED_SELECTOR = YES;
				GCC_WARN_UNINITIALIZED_AUTOS = YES_AGGRESSIVE;
				GCC_WARN_UNUSED_FUNCTION = YES;
				GCC_WARN_UNUSED_VARIABLE = YES;
				IPHONEOS_DEPLOYMENT_TARGET = 13.2;
				MTL_ENABLE_DEBUG_INFO = NO;
				MTL_FAST_MATH = YES;
				SDKROOT = iphoneos;
				SWIFT_COMPILATION_MODE = wholemodule;
				SWIFT_OPTIMIZATION_LEVEL = "-O";
				VALIDATE_PRODUCT = YES;
			};
			name = Release;
		};
		52F9B7F523F3104A0025DA4B /* Debug */ = {
			isa = XCBuildConfiguration;
			buildSettings = {
				ASSETCATALOG_COMPILER_APPICON_NAME = AppIcon;
				CODE_SIGN_STYLE = Automatic;
				DEVELOPMENT_TEAM = X6XFU66KA9;
				INFOPLIST_FILE = FIZZLE/Info.plist;
				LD_RUNPATH_SEARCH_PATHS = (
					"$(inherited)",
					"@executable_path/Frameworks",
				);
				PRODUCT_BUNDLE_IDENTIFIER = FFR.FIZZLE;
				PRODUCT_NAME = FizzleFade;
				SWIFT_VERSION = 5.0;
				TARGETED_DEVICE_FAMILY = "1,2";
			};
			name = Debug;
		};
		52F9B7F623F3104A0025DA4B /* Release */ = {
			isa = XCBuildConfiguration;
			buildSettings = {
				ASSETCATALOG_COMPILER_APPICON_NAME = AppIcon;
				CODE_SIGN_STYLE = Automatic;
				DEVELOPMENT_TEAM = X6XFU66KA9;
				INFOPLIST_FILE = FIZZLE/Info.plist;
				LD_RUNPATH_SEARCH_PATHS = (
					"$(inherited)",
					"@executable_path/Frameworks",
				);
				PRODUCT_BUNDLE_IDENTIFIER = FFR.FIZZLE;
				PRODUCT_NAME = FizzleFade;
				SWIFT_VERSION = 5.0;
				TARGETED_DEVICE_FAMILY = "1,2";
			};
			name = Release;
		};
		52F9B7F823F3104A0025DA4B /* Debug */ = {
			isa = XCBuildConfiguration;
			buildSettings = {
				ALWAYS_EMBED_SWIFT_STANDARD_LIBRARIES = YES;
				BUNDLE_LOADER = "$(TEST_HOST)";
				CODE_SIGN_STYLE = Automatic;
				INFOPLIST_FILE = FIZZLETests/Info.plist;
				IPHONEOS_DEPLOYMENT_TARGET = 13.2;
				LD_RUNPATH_SEARCH_PATHS = (
					"$(inherited)",
					"@executable_path/Frameworks",
					"@loader_path/Frameworks",
				);
				PRODUCT_BUNDLE_IDENTIFIER = FFR.FIZZLETests;
				PRODUCT_NAME = "$(TARGET_NAME)";
				SWIFT_VERSION = 5.0;
				TARGETED_DEVICE_FAMILY = "1,2";
				TEST_HOST = "$(BUILT_PRODUCTS_DIR)/FIZZLE.app/FIZZLE";
			};
			name = Debug;
		};
		52F9B7F923F3104A0025DA4B /* Release */ = {
			isa = XCBuildConfiguration;
			buildSettings = {
				ALWAYS_EMBED_SWIFT_STANDARD_LIBRARIES = YES;
				BUNDLE_LOADER = "$(TEST_HOST)";
				CODE_SIGN_STYLE = Automatic;
				INFOPLIST_FILE = FIZZLETests/Info.plist;
				IPHONEOS_DEPLOYMENT_TARGET = 13.2;
				LD_RUNPATH_SEARCH_PATHS = (
					"$(inherited)",
					"@executable_path/Frameworks",
					"@loader_path/Frameworks",
				);
				PRODUCT_BUNDLE_IDENTIFIER = FFR.FIZZLETests;
				PRODUCT_NAME = "$(TARGET_NAME)";
				SWIFT_VERSION = 5.0;
				TARGETED_DEVICE_FAMILY = "1,2";
				TEST_HOST = "$(BUILT_PRODUCTS_DIR)/FIZZLE.app/FIZZLE";
			};
			name = Release;
		};
/* End XCBuildConfiguration section */

/* Begin XCConfigurationList section */
		52F9B7D023F310480025DA4B /* Build configuration list for PBXProject "FIZZLE" */ = {
			isa = XCConfigurationList;
			buildConfigurations = (
				52F9B7F223F3104A0025DA4B /* Debug */,
				52F9B7F323F3104A0025DA4B /* Release */,
			);
			defaultConfigurationIsVisible = 0;
			defaultConfigurationName = Release;
		};
		52F9B7F423F3104A0025DA4B /* Build configuration list for PBXNativeTarget "FIZZLE" */ = {
			isa = XCConfigurationList;
			buildConfigurations = (
				52F9B7F523F3104A0025DA4B /* Debug */,
				52F9B7F623F3104A0025DA4B /* Release */,
			);
			defaultConfigurationIsVisible = 0;
			defaultConfigurationName = Release;
		};
		52F9B7F723F3104A0025DA4B /* Build configuration list for PBXNativeTarget "FIZZLETests" */ = {
			isa = XCConfigurationList;
			buildConfigurations = (
				52F9B7F823F3104A0025DA4B /* Debug */,
				52F9B7F923F3104A0025DA4B /* Release */,
			);
			defaultConfigurationIsVisible = 0;
			defaultConfigurationName = Release;
		};
/* End XCConfigurationList section */
	};
	rootObject = 52F9B7CD23F310480025DA4B /* Project object */;
}
